
Microsoft Visual Studio Solution File, Format Version 12.00
# Visual Studio Version 17
VisualStudioVersion = 17.7.34031.279
MinimumVisualStudioVersion = 10.0.40219.1
Project("{FAE04EC0-301F-11D3-BF4B-00C04F79EFBC}") = "Apis con Ado.Net", "Apis con Ado.Net\Apis con Ado.Net.csproj", "{FA4EC8C5-1B66-4A96-9BFE-7819BF7B44F3}"
EndProject
Global
	GlobalSection(SolutionConfigurationPlatforms) = preSolution
		Debug|Any CPU = Debug|Any CPU
		Release|Any CPU = Release|Any CPU
	EndGlobalSection
	GlobalSection(ProjectConfigurationPlatforms) = postSolution
		{FA4EC8C5-1B66-4A96-9BFE-7819BF7B44F3}.Debug|Any CPU.ActiveCfg = Debug|Any CPU
		{FA4EC8C5-1B66-4A96-9BFE-7819BF7B44F3}.Debug|Any CPU.Build.0 = Debug|Any CPU
		{FA4EC8C5-1B66-4A96-9BFE-7819BF7B44F3}.Release|Any CPU.ActiveCfg = Release|Any CPU
		{FA4EC8C5-1B66-4A96-9BFE-7819BF7B44F3}.Release|Any CPU.Build.0 = Release|Any CPU
	EndGlobalSection
	GlobalSection(SolutionProperties) = preSolution
		HideSolutionNode = FALSE
	EndGlobalSection
	GlobalSection(ExtensibilityGlobals) = postSolution
		SolutionGuid = {69AF7443-918E-495D-8F1C-9466992297E2}
	EndGlobalSection
EndGlobal
